// !$*UTF8*$!
{
	archiveVersion = 1;
	classes = {
	};
	objectVersion = 55;
	objects = {

/* Begin PBXBuildFile section */
		5E4C40E4280CE61700686518 /* SearchCityViewModel.swift in Sources */ = {isa = PBXBuildFile; fileRef = 5E4C40E3280CE61700686518 /* SearchCityViewModel.swift */; };
		5E4C40E8280CE6AA00686518 /* RxCocoa in Frameworks */ = {isa = PBXBuildFile; productRef = 5E4C40E7280CE6AA00686518 /* RxCocoa */; };
		5E4C40EA280CE6AA00686518 /* RxRelay in Frameworks */ = {isa = PBXBuildFile; productRef = 5E4C40E9280CE6AA00686518 /* RxRelay */; };
		5E4C40EC280CE6AA00686518 /* RxSwift in Frameworks */ = {isa = PBXBuildFile; productRef = 5E4C40EB280CE6AA00686518 /* RxSwift */; };
		5E4C40EF280CE6DE00686518 /* RxDataSources in Frameworks */ = {isa = PBXBuildFile; productRef = 5E4C40EE280CE6DE00686518 /* RxDataSources */; };
		5E719CA9280E13AF00FD0BB8 /* SearchCityCoordinator.swift in Sources */ = {isa = PBXBuildFile; fileRef = 5E719CA8280E13AF00FD0BB8 /* SearchCityCoordinator.swift */; };
		5E719CAE280E156C00FD0BB8 /* Coordinator.swift in Sources */ = {isa = PBXBuildFile; fileRef = 5E719CAD280E156C00FD0BB8 /* Coordinator.swift */; };
		5E719CB0280E196500FD0BB8 /* BaseCoordinator.swift in Sources */ = {isa = PBXBuildFile; fileRef = 5E719CAF280E196500FD0BB8 /* BaseCoordinator.swift */; };
		5E719CB3280E1B6400FD0BB8 /* Storyboardable.swift in Sources */ = {isa = PBXBuildFile; fileRef = 5E719CB2280E1B6400FD0BB8 /* Storyboardable.swift */; };
		5E719CB5280E24E200FD0BB8 /* AppCoordinator.swift in Sources */ = {isa = PBXBuildFile; fileRef = 5E719CB4280E24E200FD0BB8 /* AppCoordinator.swift */; };
		5EDF3E4E280CDCA500B35A5B /* AppDelegate.swift in Sources */ = {isa = PBXBuildFile; fileRef = 5EDF3E4D280CDCA500B35A5B /* AppDelegate.swift */; };
		5EDF3E50280CDCA500B35A5B /* SceneDelegate.swift in Sources */ = {isa = PBXBuildFile; fileRef = 5EDF3E4F280CDCA500B35A5B /* SceneDelegate.swift */; };
		5EDF3E52280CDCA500B35A5B /* SearchCityVC.swift in Sources */ = {isa = PBXBuildFile; fileRef = 5EDF3E51280CDCA500B35A5B /* SearchCityVC.swift */; };
		5EDF3E55280CDCA500B35A5B /* Main.storyboard in Resources */ = {isa = PBXBuildFile; fileRef = 5EDF3E53280CDCA500B35A5B /* Main.storyboard */; };
		5EDF3E57280CDCA700B35A5B /* Assets.xcassets in Resources */ = {isa = PBXBuildFile; fileRef = 5EDF3E56280CDCA700B35A5B /* Assets.xcassets */; };
		5EDF3E5A280CDCA700B35A5B /* LaunchScreen.storyboard in Resources */ = {isa = PBXBuildFile; fileRef = 5EDF3E58280CDCA700B35A5B /* LaunchScreen.storyboard */; };
		5EDF3E62280CDD0800B35A5B /* airports.json in Resources */ = {isa = PBXBuildFile; fileRef = 5EDF3E61280CDD0800B35A5B /* airports.json */; };
/* End PBXBuildFile section */

/* Begin PBXFileReference section */
		5E4C40E3280CE61700686518 /* SearchCityViewModel.swift */ = {isa = PBXFileReference; lastKnownFileType = sourcecode.swift; path = SearchCityViewModel.swift; sourceTree = "<group>"; };
		5E719CA8280E13AF00FD0BB8 /* SearchCityCoordinator.swift */ = {isa = PBXFileReference; lastKnownFileType = sourcecode.swift; path = SearchCityCoordinator.swift; sourceTree = "<group>"; };
		5E719CAD280E156C00FD0BB8 /* Coordinator.swift */ = {isa = PBXFileReference; lastKnownFileType = sourcecode.swift; path = Coordinator.swift; sourceTree = "<group>"; };
		5E719CAF280E196500FD0BB8 /* BaseCoordinator.swift */ = {isa = PBXFileReference; lastKnownFileType = sourcecode.swift; path = BaseCoordinator.swift; sourceTree = "<group>"; };
		5E719CB2280E1B6400FD0BB8 /* Storyboardable.swift */ = {isa = PBXFileReference; lastKnownFileType = sourcecode.swift; path = Storyboardable.swift; sourceTree = "<group>"; };
		5E719CB4280E24E200FD0BB8 /* AppCoordinator.swift */ = {isa = PBXFileReference; lastKnownFileType = sourcecode.swift; path = AppCoordinator.swift; sourceTree = "<group>"; };
		5EDF3E4A280CDCA500B35A5B /* SearchAirports.app */ = {isa = PBXFileReference; explicitFileType = wrapper.application; includeInIndex = 0; path = SearchAirports.app; sourceTree = BUILT_PRODUCTS_DIR; };
		5EDF3E4D280CDCA500B35A5B /* AppDelegate.swift */ = {isa = PBXFileReference; lastKnownFileType = sourcecode.swift; path = AppDelegate.swift; sourceTree = "<group>"; };
		5EDF3E4F280CDCA500B35A5B /* SceneDelegate.swift */ = {isa = PBXFileReference; lastKnownFileType = sourcecode.swift; path = SceneDelegate.swift; sourceTree = "<group>"; };
		5EDF3E51280CDCA500B35A5B /* SearchCityVC.swift */ = {isa = PBXFileReference; lastKnownFileType = sourcecode.swift; path = SearchCityVC.swift; sourceTree = "<group>"; };
		5EDF3E54280CDCA500B35A5B /* Base */ = {isa = PBXFileReference; lastKnownFileType = file.storyboard; name = Base; path = Base.lproj/Main.storyboard; sourceTree = "<group>"; };
		5EDF3E56280CDCA700B35A5B /* Assets.xcassets */ = {isa = PBXFileReference; lastKnownFileType = folder.assetcatalog; path = Assets.xcassets; sourceTree = "<group>"; };
		5EDF3E59280CDCA700B35A5B /* Base */ = {isa = PBXFileReference; lastKnownFileType = file.storyboard; name = Base; path = Base.lproj/LaunchScreen.storyboard; sourceTree = "<group>"; };
		5EDF3E5B280CDCA700B35A5B /* Info.plist */ = {isa = PBXFileReference; lastKnownFileType = text.plist.xml; path = Info.plist; sourceTree = "<group>"; };
		5EDF3E61280CDD0800B35A5B /* airports.json */ = {isa = PBXFileReference; lastKnownFileType = text.json; path = airports.json; sourceTree = "<group>"; };
/* End PBXFileReference section */

/* Begin PBXFrameworksBuildPhase section */
		5EDF3E47280CDCA500B35A5B /* Frameworks */ = {
			isa = PBXFrameworksBuildPhase;
			buildActionMask = 2147483647;
			files = (
				5E4C40EC280CE6AA00686518 /* RxSwift in Frameworks */,
				5E4C40EF280CE6DE00686518 /* RxDataSources in Frameworks */,
				5E4C40EA280CE6AA00686518 /* RxRelay in Frameworks */,
				5E4C40E8280CE6AA00686518 /* RxCocoa in Frameworks */,
			);
			runOnlyForDeploymentPostprocessing = 0;
		};
/* End PBXFrameworksBuildPhase section */

/* Begin PBXGroup section */
		5E719CAA280E153B00FD0BB8 /* Coordinator */ = {
			isa = PBXGroup;
			children = (
				5E719CA8280E13AF00FD0BB8 /* SearchCityCoordinator.swift */,
				5E719CAD280E156C00FD0BB8 /* Coordinator.swift */,
				5E719CAF280E196500FD0BB8 /* BaseCoordinator.swift */,
				5E719CB4280E24E200FD0BB8 /* AppCoordinator.swift */,
			);
			path = Coordinator;
			sourceTree = "<group>";
		};
		5E719CAB280E154B00FD0BB8 /* ViewModel */ = {
			isa = PBXGroup;
			children = (
				5E4C40E3280CE61700686518 /* SearchCityViewModel.swift */,
			);
			path = ViewModel;
			sourceTree = "<group>";
		};
		5E719CAC280E155400FD0BB8 /* View */ = {
			isa = PBXGroup;
			children = (
				5EDF3E51280CDCA500B35A5B /* SearchCityVC.swift */,
			);
			path = View;
			sourceTree = "<group>";
		};
		5E719CB1280E1B4E00FD0BB8 /* Shared */ = {
			isa = PBXGroup;
			children = (
				5E719CB2280E1B6400FD0BB8 /* Storyboardable.swift */,
			);
			path = Shared;
			sourceTree = "<group>";
		};
		5EDF3E41280CDCA500B35A5B = {
			isa = PBXGroup;
			children = (
				5EDF3E61280CDD0800B35A5B /* airports.json */,
				5EDF3E4C280CDCA500B35A5B /* SearchAirports */,
				5EDF3E4B280CDCA500B35A5B /* Products */,
			);
			sourceTree = "<group>";
		};
		5EDF3E4B280CDCA500B35A5B /* Products */ = {
			isa = PBXGroup;
			children = (
				5EDF3E4A280CDCA500B35A5B /* SearchAirports.app */,
			);
			name = Products;
			sourceTree = "<group>";
		};
		5EDF3E4C280CDCA500B35A5B /* SearchAirports */ = {
			isa = PBXGroup;
			children = (
				5E719CB1280E1B4E00FD0BB8 /* Shared */,
				5E719CAC280E155400FD0BB8 /* View */,
				5E719CAB280E154B00FD0BB8 /* ViewModel */,
				5E719CAA280E153B00FD0BB8 /* Coordinator */,
				5EDF3E4D280CDCA500B35A5B /* AppDelegate.swift */,
				5EDF3E4F280CDCA500B35A5B /* SceneDelegate.swift */,
				5EDF3E53280CDCA500B35A5B /* Main.storyboard */,
				5EDF3E56280CDCA700B35A5B /* Assets.xcassets */,
				5EDF3E58280CDCA700B35A5B /* LaunchScreen.storyboard */,
				5EDF3E5B280CDCA700B35A5B /* Info.plist */,
			);
			path = SearchAirports;
			sourceTree = "<group>";
		};
/* End PBXGroup section */

/* Begin PBXNativeTarget section */
		5EDF3E49280CDCA500B35A5B /* SearchAirports */ = {
			isa = PBXNativeTarget;
			buildConfigurationList = 5EDF3E5E280CDCA700B35A5B /* Build configuration list for PBXNativeTarget "SearchAirports" */;
			buildPhases = (
				5EDF3E46280CDCA500B35A5B /* Sources */,
				5EDF3E47280CDCA500B35A5B /* Frameworks */,
				5EDF3E48280CDCA500B35A5B /* Resources */,
			);
			buildRules = (
			);
			dependencies = (
			);
			name = SearchAirports;
			packageProductDependencies = (
				5E4C40E7280CE6AA00686518 /* RxCocoa */,
				5E4C40E9280CE6AA00686518 /* RxRelay */,
				5E4C40EB280CE6AA00686518 /* RxSwift */,
				5E4C40EE280CE6DE00686518 /* RxDataSources */,
			);
			productName = SearchAirports;
			productReference = 5EDF3E4A280CDCA500B35A5B /* SearchAirports.app */;
			productType = "com.apple.product-type.application";
		};
/* End PBXNativeTarget section */

/* Begin PBXProject section */
		5EDF3E42280CDCA500B35A5B /* Project object */ = {
			isa = PBXProject;
			attributes = {
				BuildIndependentTargetsInParallel = 1;
				LastSwiftUpdateCheck = 1330;
				LastUpgradeCheck = 1330;
				TargetAttributes = {
					5EDF3E49280CDCA500B35A5B = {
						CreatedOnToolsVersion = 13.3.1;
					};
				};
			};
			buildConfigurationList = 5EDF3E45280CDCA500B35A5B /* Build configuration list for PBXProject "SearchAirports" */;
			compatibilityVersion = "Xcode 13.0";
			developmentRegion = en;
			hasScannedForEncodings = 0;
			knownRegions = (
				en,
				Base,
			);
			mainGroup = 5EDF3E41280CDCA500B35A5B;
			packageReferences = (
				5E4C40E6280CE6AA00686518 /* XCRemoteSwiftPackageReference "RxSwift" */,
				5E4C40ED280CE6DE00686518 /* XCRemoteSwiftPackageReference "RxDataSources" */,
			);
			productRefGroup = 5EDF3E4B280CDCA500B35A5B /* Products */;
			projectDirPath = "";
			projectRoot = "";
			targets = (
				5EDF3E49280CDCA500B35A5B /* SearchAirports */,
			);
		};
/* End PBXProject section */

/* Begin PBXResourcesBuildPhase section */
		5EDF3E48280CDCA500B35A5B /* Resources */ = {
			isa = PBXResourcesBuildPhase;
			buildActionMask = 2147483647;
			files = (
				5EDF3E5A280CDCA700B35A5B /* LaunchScreen.storyboard in Resources */,
				5EDF3E62280CDD0800B35A5B /* airports.json in Resources */,
				5EDF3E57280CDCA700B35A5B /* Assets.xcassets in Resources */,
				5EDF3E55280CDCA500B35A5B /* Main.storyboard in Resources */,
			);
			runOnlyForDeploymentPostprocessing = 0;
		};
/* End PBXResourcesBuildPhase section */

/* Begin PBXSourcesBuildPhase section */
		5EDF3E46280CDCA500B35A5B /* Sources */ = {
			isa = PBXSourcesBuildPhase;
			buildActionMask = 2147483647;
			files = (
				5EDF3E52280CDCA500B35A5B /* SearchCityVC.swift in Sources */,
				5EDF3E4E280CDCA500B35A5B /* AppDelegate.swift in Sources */,
				5E719CAE280E156C00FD0BB8 /* Coordinator.swift in Sources */,
				5E719CA9280E13AF00FD0BB8 /* SearchCityCoordinator.swift in Sources */,
				5E719CB3280E1B6400FD0BB8 /* Storyboardable.swift in Sources */,
				5E719CB0280E196500FD0BB8 /* BaseCoordinator.swift in Sources */,
				5E719CB5280E24E200FD0BB8 /* AppCoordinator.swift in Sources */,
				5EDF3E50280CDCA500B35A5B /* SceneDelegate.swift in Sources */,
				5E4C40E4280CE61700686518 /* SearchCityViewModel.swift in Sources */,
			);
			runOnlyForDeploymentPostprocessing = 0;
		};
/* End PBXSourcesBuildPhase section */

/* Begin PBXVariantGroup section */
		5EDF3E53280CDCA500B35A5B /* Main.storyboard */ = {
			isa = PBXVariantGroup;
			children = (
				5EDF3E54280CDCA500B35A5B /* Base */,
			);
			name = Main.storyboard;
			sourceTree = "<group>";
		};
		5EDF3E58280CDCA700B35A5B /* LaunchScreen.storyboard */ = {
			isa = PBXVariantGroup;
			children = (
				5EDF3E59280CDCA700B35A5B /* Base */,
			);
			name = LaunchScreen.storyboard;
			sourceTree = "<group>";
		};
/* End PBXVariantGroup section */

/* Begin XCBuildConfiguration section */
		5EDF3E5C280CDCA700B35A5B /* Debug */ = {
			isa = XCBuildConfiguration;
			buildSettings = {
				ALWAYS_SEARCH_USER_PATHS = NO;
				CLANG_ANALYZER_NONNULL = YES;
				CLANG_ANALYZER_NUMBER_OBJECT_CONVERSION = YES_AGGRESSIVE;
				CLANG_CXX_LANGUAGE_STANDARD = "gnu++17";
				CLANG_ENABLE_MODULES = YES;
				CLANG_ENABLE_OBJC_ARC = YES;
				CLANG_ENABLE_OBJC_WEAK = YES;
				CLANG_WARN_BLOCK_CAPTURE_AUTORELEASING = YES;
				CLANG_WARN_BOOL_CONVERSION = YES;
				CLANG_WARN_COMMA = YES;
				CLANG_WARN_CONSTANT_CONVERSION = YES;
				CLANG_WARN_DEPRECATED_OBJC_IMPLEMENTATIONS = YES;
				CLANG_WARN_DIRECT_OBJC_ISA_USAGE = YES_ERROR;
				CLANG_WARN_DOCUMENTATION_COMMENTS = YES;
				CLANG_WARN_EMPTY_BODY = YES;
				CLANG_WARN_ENUM_CONVERSION = YES;
				CLANG_WARN_INFINITE_RECURSION = YES;
				CLANG_WARN_INT_CONVERSION = YES;
				CLANG_WARN_NON_LITERAL_NULL_CONVERSION = YES;
				CLANG_WARN_OBJC_IMPLICIT_RETAIN_SELF = YES;
				CLANG_WARN_OBJC_LITERAL_CONVERSION = YES;
				CLANG_WARN_OBJC_ROOT_CLASS = YES_ERROR;
				CLANG_WARN_QUOTED_INCLUDE_IN_FRAMEWORK_HEADER = YES;
				CLANG_WARN_RANGE_LOOP_ANALYSIS = YES;
				CLANG_WARN_STRICT_PROTOTYPES = YES;
				CLANG_WARN_SUSPICIOUS_MOVE = YES;
				CLANG_WARN_UNGUARDED_AVAILABILITY = YES_AGGRESSIVE;
				CLANG_WARN_UNREACHABLE_CODE = YES;
				CLANG_WARN__DUPLICATE_METHOD_MATCH = YES;
				COPY_PHASE_STRIP = NO;
				DEBUG_INFORMATION_FORMAT = dwarf;
				ENABLE_STRICT_OBJC_MSGSEND = YES;
				ENABLE_TESTABILITY = YES;
				GCC_C_LANGUAGE_STANDARD = gnu11;
				GCC_DYNAMIC_NO_PIC = NO;
				GCC_NO_COMMON_BLOCKS = YES;
				GCC_OPTIMIZATION_LEVEL = 0;
				GCC_PREPROCESSOR_DEFINITIONS = (
					"DEBUG=1",
					"$(inherited)",
				);
				GCC_WARN_64_TO_32_BIT_CONVERSION = YES;
				GCC_WARN_ABOUT_RETURN_TYPE = YES_ERROR;
				GCC_WARN_UNDECLARED_SELECTOR = YES;
				GCC_WARN_UNINITIALIZED_AUTOS = YES_AGGRESSIVE;
				GCC_WARN_UNUSED_FUNCTION = YES;
				GCC_WARN_UNUSED_VARIABLE = YES;
				IPHONEOS_DEPLOYMENT_TARGET = 15.4;
				MTL_ENABLE_DEBUG_INFO = INCLUDE_SOURCE;
				MTL_FAST_MATH = YES;
				ONLY_ACTIVE_ARCH = YES;
				SDKROOT = iphoneos;
				SWIFT_ACTIVE_COMPILATION_CONDITIONS = DEBUG;
				SWIFT_OPTIMIZATION_LEVEL = "-Onone";
			};
			name = Debug;
		};
		5EDF3E5D280CDCA700B35A5B /* Release */ = {
			isa = XCBuildConfiguration;
			buildSettings = {
				ALWAYS_SEARCH_USER_PATHS = NO;
				CLANG_ANALYZER_NONNULL = YES;
				CLANG_ANALYZER_NUMBER_OBJECT_CONVERSION = YES_AGGRESSIVE;
				CLANG_CXX_LANGUAGE_STANDARD = "gnu++17";
				CLANG_ENABLE_MODULES = YES;
				CLANG_ENABLE_OBJC_ARC = YES;
				CLANG_ENABLE_OBJC_WEAK = YES;
				CLANG_WARN_BLOCK_CAPTURE_AUTORELEASING = YES;
				CLANG_WARN_BOOL_CONVERSION = YES;
				CLANG_WARN_COMMA = YES;
				CLANG_WARN_CONSTANT_CONVERSION = YES;
				CLANG_WARN_DEPRECATED_OBJC_IMPLEMENTATIONS = YES;
				CLANG_WARN_DIRECT_OBJC_ISA_USAGE = YES_ERROR;
				CLANG_WARN_DOCUMENTATION_COMMENTS = YES;
				CLANG_WARN_EMPTY_BODY = YES;
				CLANG_WARN_ENUM_CONVERSION = YES;
				CLANG_WARN_INFINITE_RECURSION = YES;
				CLANG_WARN_INT_CONVERSION = YES;
				CLANG_WARN_NON_LITERAL_NULL_CONVERSION = YES;
				CLANG_WARN_OBJC_IMPLICIT_RETAIN_SELF = YES;
				CLANG_WARN_OBJC_LITERAL_CONVERSION = YES;
				CLANG_WARN_OBJC_ROOT_CLASS = YES_ERROR;
				CLANG_WARN_QUOTED_INCLUDE_IN_FRAMEWORK_HEADER = YES;
				CLANG_WARN_RANGE_LOOP_ANALYSIS = YES;
				CLANG_WARN_STRICT_PROTOTYPES = YES;
				CLANG_WARN_SUSPICIOUS_MOVE = YES;
				CLANG_WARN_UNGUARDED_AVAILABILITY = YES_AGGRESSIVE;
				CLANG_WARN_UNREACHABLE_CODE = YES;
				CLANG_WARN__DUPLICATE_METHOD_MATCH = YES;
				COPY_PHASE_STRIP = NO;
				DEBUG_INFORMATION_FORMAT = "dwarf-with-dsym";
				ENABLE_NS_ASSERTIONS = NO;
				ENABLE_STRICT_OBJC_MSGSEND = YES;
				GCC_C_LANGUAGE_STANDARD = gnu11;
				GCC_NO_COMMON_BLOCKS = YES;
				GCC_WARN_64_TO_32_BIT_CONVERSION = YES;
				GCC_WARN_ABOUT_RETURN_TYPE = YES_ERROR;
				GCC_WARN_UNDECLARED_SELECTOR = YES;
				GCC_WARN_UNINITIALIZED_AUTOS = YES_AGGRESSIVE;
				GCC_WARN_UNUSED_FUNCTION = YES;
				GCC_WARN_UNUSED_VARIABLE = YES;
				IPHONEOS_DEPLOYMENT_TARGET = 15.4;
				MTL_ENABLE_DEBUG_INFO = NO;
				MTL_FAST_MATH = YES;
				SDKROOT = iphoneos;
				SWIFT_COMPILATION_MODE = wholemodule;
				SWIFT_OPTIMIZATION_LEVEL = "-O";
				VALIDATE_PRODUCT = YES;
			};
			name = Release;
		};
		5EDF3E5F280CDCA700B35A5B /* Debug */ = {
			isa = XCBuildConfiguration;
			buildSettings = {
				ASSETCATALOG_COMPILER_APPICON_NAME = AppIcon;
				ASSETCATALOG_COMPILER_GLOBAL_ACCENT_COLOR_NAME = AccentColor;
				CODE_SIGN_STYLE = Automatic;
				CURRENT_PROJECT_VERSION = 1;
				DEVELOPMENT_TEAM = SS2CH8F6CH;
				GENERATE_INFOPLIST_FILE = YES;
				INFOPLIST_FILE = SearchAirports/Info.plist;
				INFOPLIST_KEY_UIApplicationSupportsIndirectInputEvents = YES;
				INFOPLIST_KEY_UILaunchStoryboardName = LaunchScreen;
				INFOPLIST_KEY_UISupportedInterfaceOrientations_iPad = "UIInterfaceOrientationPortrait UIInterfaceOrientationPortraitUpsideDown UIInterfaceOrientationLandscapeLeft UIInterfaceOrientationLandscapeRight";
				INFOPLIST_KEY_UISupportedInterfaceOrientations_iPhone = "UIInterfaceOrientationPortrait UIInterfaceOrientationLandscapeLeft UIInterfaceOrientationLandscapeRight";
				LD_RUNPATH_SEARCH_PATHS = (
					"$(inherited)",
					"@executable_path/Frameworks",
				);
				MARKETING_VERSION = 1.0;
				PRODUCT_BUNDLE_IDENTIFIER = com.hamitseyrek.SearchAirports;
				PRODUCT_NAME = "$(TARGET_NAME)";
				SWIFT_EMIT_LOC_STRINGS = YES;
				SWIFT_VERSION = 5.0;
				TARGETED_DEVICE_FAMILY = "1,2";
			};
			name = Debug;
		};
		5EDF3E60280CDCA700B35A5B /* Release */ = {
			isa = XCBuildConfiguration;
			buildSettings = {
				ASSETCATALOG_COMPILER_APPICON_NAME = AppIcon;
				ASSETCATALOG_COMPILER_GLOBAL_ACCENT_COLOR_NAME = AccentColor;
				CODE_SIGN_STYLE = Automatic;
				CURRENT_PROJECT_VERSION = 1;
				DEVELOPMENT_TEAM = SS2CH8F6CH;
				GENERATE_INFOPLIST_FILE = YES;
				INFOPLIST_FILE = SearchAirports/Info.plist;
				INFOPLIST_KEY_UIApplicationSupportsIndirectInputEvents = YES;
				INFOPLIST_KEY_UILaunchStoryboardName = LaunchScreen;
				INFOPLIST_KEY_UISupportedInterfaceOrientations_iPad = "UIInterfaceOrientationPortrait UIInterfaceOrientationPortraitUpsideDown UIInterfaceOrientationLandscapeLeft UIInterfaceOrientationLandscapeRight";
				INFOPLIST_KEY_UISupportedInterfaceOrientations_iPhone = "UIInterfaceOrientationPortrait UIInterfaceOrientationLandscapeLeft UIInterfaceOrientationLandscapeRight";
				LD_RUNPATH_SEARCH_PATHS = (
					"$(inherited)",
					"@executable_path/Frameworks",
				);
				MARKETING_VERSION = 1.0;
				PRODUCT_BUNDLE_IDENTIFIER = com.hamitseyrek.SearchAirports;
				PRODUCT_NAME = "$(TARGET_NAME)";
				SWIFT_EMIT_LOC_STRINGS = YES;
				SWIFT_VERSION = 5.0;
				TARGETED_DEVICE_FAMILY = "1,2";
			};
			name = Release;
		};
/* End XCBuildConfiguration section */

/* Begin XCConfigurationList section */
		5EDF3E45280CDCA500B35A5B /* Build configuration list for PBXProject "SearchAirports" */ = {
			isa = XCConfigurationList;
			buildConfigurations = (
				5EDF3E5C280CDCA700B35A5B /* Debug */,
				5EDF3E5D280CDCA700B35A5B /* Release */,
			);
			defaultConfigurationIsVisible = 0;
			defaultConfigurationName = Release;
		};
		5EDF3E5E280CDCA700B35A5B /* Build configuration list for PBXNativeTarget "SearchAirports" */ = {
			isa = XCConfigurationList;
			buildConfigurations = (
				5EDF3E5F280CDCA700B35A5B /* Debug */,
				5EDF3E60280CDCA700B35A5B /* Release */,
			);
			defaultConfigurationIsVisible = 0;
			defaultConfigurationName = Release;
		};
/* End XCConfigurationList section */

/* Begin XCRemoteSwiftPackageReference section */
		5E4C40E6280CE6AA00686518 /* XCRemoteSwiftPackageReference "RxSwift" */ = {
			isa = XCRemoteSwiftPackageReference;
			repositoryURL = "https://github.com/ReactiveX/RxSwift";
			requirement = {
				kind = upToNextMajorVersion;
				minimumVersion = 6.0.0;
			};
		};
		5E4C40ED280CE6DE00686518 /* XCRemoteSwiftPackageReference "RxDataSources" */ = {
			isa = XCRemoteSwiftPackageReference;
			repositoryURL = "https://github.com/RxSwiftCommunity/RxDataSources";
			requirement = {
				kind = upToNextMajorVersion;
				minimumVersion = 5.0.0;
			};
		};
/* End XCRemoteSwiftPackageReference section */

/* Begin XCSwiftPackageProductDependency section */
		5E4C40E7280CE6AA00686518 /* RxCocoa */ = {
			isa = XCSwiftPackageProductDependency;
			package = 5E4C40E6280CE6AA00686518 /* XCRemoteSwiftPackageReference "RxSwift" */;
			productName = RxCocoa;
		};
		5E4C40E9280CE6AA00686518 /* RxRelay */ = {
			isa = XCSwiftPackageProductDependency;
			package = 5E4C40E6280CE6AA00686518 /* XCRemoteSwiftPackageReference "RxSwift" */;
			productName = RxRelay;
		};
		5E4C40EB280CE6AA00686518 /* RxSwift */ = {
			isa = XCSwiftPackageProductDependency;
			package = 5E4C40E6280CE6AA00686518 /* XCRemoteSwiftPackageReference "RxSwift" */;
			productName = RxSwift;
		};
		5E4C40EE280CE6DE00686518 /* RxDataSources */ = {
			isa = XCSwiftPackageProductDependency;
			package = 5E4C40ED280CE6DE00686518 /* XCRemoteSwiftPackageReference "RxDataSources" */;
			productName = RxDataSources;
		};
/* End XCSwiftPackageProductDependency section */
	};
	rootObject = 5EDF3E42280CDCA500B35A5B /* Project object */;
}
